// !$*UTF8*$!
{
	archiveVersion = 1;
	classes = {
	};
	objectVersion = 51;
	objects = {

/* Begin PBXBuildFile section */
		36CF977879327703EBB85FCE /* Pods_AVLogin.framework in Frameworks */ = {isa = PBXBuildFile; fileRef = 53ADF5EDE9DEF34CCE90D139 /* Pods_AVLogin.framework */; };
		96D64B7E237C4E730058BF72 /* SignUpViewController.swift in Sources */ = {isa = PBXBuildFile; fileRef = 96D64B7D237C4E730058BF72 /* SignUpViewController.swift */; };
		96D64B83237C522E0058BF72 /* DesignButton.swift in Sources */ = {isa = PBXBuildFile; fileRef = 96D64B82237C522E0058BF72 /* DesignButton.swift */; };
		AC004A8D23735F980026880C /* TableViewCell.swift in Sources */ = {isa = PBXBuildFile; fileRef = AC004A8C23735F980026880C /* TableViewCell.swift */; };
		AC004A8F23736F3E0026880C /* InfoViewController.swift in Sources */ = {isa = PBXBuildFile; fileRef = AC004A8E23736F3E0026880C /* InfoViewController.swift */; };
		AC7EEEFB237C3B9300F4720C /* GoogleService-Info.plist in Resources */ = {isa = PBXBuildFile; fileRef = AC7EEEFA237C3B9300F4720C /* GoogleService-Info.plist */; };
		AC7F4A212373F13900B929B5 /* Alert-Ext.swift in Sources */ = {isa = PBXBuildFile; fileRef = AC7F4A202373F13800B929B5 /* Alert-Ext.swift */; };
		ACA85E3123731A2400CE088F /* AppDelegate.swift in Sources */ = {isa = PBXBuildFile; fileRef = ACA85E3023731A2400CE088F /* AppDelegate.swift */; };
		ACA85E3323731A2400CE088F /* SceneDelegate.swift in Sources */ = {isa = PBXBuildFile; fileRef = ACA85E3223731A2400CE088F /* SceneDelegate.swift */; };
		ACA85E3523731A2400CE088F /* ViewController.swift in Sources */ = {isa = PBXBuildFile; fileRef = ACA85E3423731A2400CE088F /* ViewController.swift */; };
		ACA85E3823731A2400CE088F /* Main.storyboard in Resources */ = {isa = PBXBuildFile; fileRef = ACA85E3623731A2400CE088F /* Main.storyboard */; };
		ACA85E3A23731A3100CE088F /* Assets.xcassets in Resources */ = {isa = PBXBuildFile; fileRef = ACA85E3923731A3100CE088F /* Assets.xcassets */; };
		ACA85E3D23731A3100CE088F /* LaunchScreen.storyboard in Resources */ = {isa = PBXBuildFile; fileRef = ACA85E3B23731A3100CE088F /* LaunchScreen.storyboard */; };
		ACA85E452373489F00CE088F /* TableViewController.swift in Sources */ = {isa = PBXBuildFile; fileRef = ACA85E442373489F00CE088F /* TableViewController.swift */; };
/* End PBXBuildFile section */

/* Begin PBXFileReference section */
		0CE99BD45EE9881B7D4F9E07 /* Pods-AVLogin.release.xcconfig */ = {isa = PBXFileReference; includeInIndex = 1; lastKnownFileType = text.xcconfig; name = "Pods-AVLogin.release.xcconfig"; path = "Target Support Files/Pods-AVLogin/Pods-AVLogin.release.xcconfig"; sourceTree = "<group>"; };
		2A8C4575176A87DE3304D336 /* Pods-AVLogin.debug.xcconfig */ = {isa = PBXFileReference; includeInIndex = 1; lastKnownFileType = text.xcconfig; name = "Pods-AVLogin.debug.xcconfig"; path = "Target Support Files/Pods-AVLogin/Pods-AVLogin.debug.xcconfig"; sourceTree = "<group>"; };
		53ADF5EDE9DEF34CCE90D139 /* Pods_AVLogin.framework */ = {isa = PBXFileReference; explicitFileType = wrapper.framework; includeInIndex = 0; path = Pods_AVLogin.framework; sourceTree = BUILT_PRODUCTS_DIR; };
		96D64B7D237C4E730058BF72 /* SignUpViewController.swift */ = {isa = PBXFileReference; lastKnownFileType = sourcecode.swift; path = SignUpViewController.swift; sourceTree = "<group>"; };
		96D64B82237C522E0058BF72 /* DesignButton.swift */ = {isa = PBXFileReference; lastKnownFileType = sourcecode.swift; path = DesignButton.swift; sourceTree = "<group>"; };
		AC004A8C23735F980026880C /* TableViewCell.swift */ = {isa = PBXFileReference; lastKnownFileType = sourcecode.swift; path = TableViewCell.swift; sourceTree = "<group>"; };
		AC004A8E23736F3E0026880C /* InfoViewController.swift */ = {isa = PBXFileReference; lastKnownFileType = sourcecode.swift; path = InfoViewController.swift; sourceTree = "<group>"; };
		AC7EEEFA237C3B9300F4720C /* GoogleService-Info.plist */ = {isa = PBXFileReference; fileEncoding = 4; lastKnownFileType = text.plist.xml; path = "GoogleService-Info.plist"; sourceTree = "<group>"; };
		AC7F4A202373F13800B929B5 /* Alert-Ext.swift */ = {isa = PBXFileReference; fileEncoding = 4; lastKnownFileType = sourcecode.swift; path = "Alert-Ext.swift"; sourceTree = "<group>"; };
		ACA85E2D23731A2400CE088F /* AVLogin.app */ = {isa = PBXFileReference; explicitFileType = wrapper.application; includeInIndex = 0; path = AVLogin.app; sourceTree = BUILT_PRODUCTS_DIR; };
		ACA85E3023731A2400CE088F /* AppDelegate.swift */ = {isa = PBXFileReference; lastKnownFileType = sourcecode.swift; path = AppDelegate.swift; sourceTree = "<group>"; };
		ACA85E3223731A2400CE088F /* SceneDelegate.swift */ = {isa = PBXFileReference; lastKnownFileType = sourcecode.swift; path = SceneDelegate.swift; sourceTree = "<group>"; };
		ACA85E3423731A2400CE088F /* ViewController.swift */ = {isa = PBXFileReference; lastKnownFileType = sourcecode.swift; path = ViewController.swift; sourceTree = "<group>"; };
		ACA85E3723731A2400CE088F /* Base */ = {isa = PBXFileReference; lastKnownFileType = file.storyboard; name = Base; path = Base.lproj/Main.storyboard; sourceTree = "<group>"; };
		ACA85E3923731A3100CE088F /* Assets.xcassets */ = {isa = PBXFileReference; lastKnownFileType = folder.assetcatalog; path = Assets.xcassets; sourceTree = "<group>"; };
		ACA85E3C23731A3100CE088F /* Base */ = {isa = PBXFileReference; lastKnownFileType = file.storyboard; name = Base; path = Base.lproj/LaunchScreen.storyboard; sourceTree = "<group>"; };
		ACA85E3E23731A3100CE088F /* Info.plist */ = {isa = PBXFileReference; lastKnownFileType = text.plist.xml; path = Info.plist; sourceTree = "<group>"; };
		ACA85E442373489F00CE088F /* TableViewController.swift */ = {isa = PBXFileReference; lastKnownFileType = sourcecode.swift; path = TableViewController.swift; sourceTree = "<group>"; };
/* End PBXFileReference section */

/* Begin PBXFrameworksBuildPhase section */
		ACA85E2A23731A2400CE088F /* Frameworks */ = {
			isa = PBXFrameworksBuildPhase;
			buildActionMask = 2147483647;
			files = (
				36CF977879327703EBB85FCE /* Pods_AVLogin.framework in Frameworks */,
			);
			runOnlyForDeploymentPostprocessing = 0;
		};
/* End PBXFrameworksBuildPhase section */

/* Begin PBXGroup section */
		304DCE036E4837761DC5D7C0 /* Frameworks */ = {
			isa = PBXGroup;
			children = (
				53ADF5EDE9DEF34CCE90D139 /* Pods_AVLogin.framework */,
			);
			name = Frameworks;
			sourceTree = "<group>";
		};
		96279AEE237C36B800911572 /* Delegates */ = {
			isa = PBXGroup;
			children = (
				ACA85E3023731A2400CE088F /* AppDelegate.swift */,
				ACA85E3223731A2400CE088F /* SceneDelegate.swift */,
			);
			path = Delegates;
			sourceTree = "<group>";
		};
		96279AEF237C36E200911572 /* Views */ = {
			isa = PBXGroup;
			children = (
				ACA85E3623731A2400CE088F /* Main.storyboard */,
				ACA85E3B23731A3100CE088F /* LaunchScreen.storyboard */,
			);
			path = Views;
			sourceTree = "<group>";
		};
		96279AF0237C36ED00911572 /* Controllers */ = {
			isa = PBXGroup;
			children = (
				ACA85E3423731A2400CE088F /* ViewController.swift */,
				ACA85E442373489F00CE088F /* TableViewController.swift */,
				AC004A8C23735F980026880C /* TableViewCell.swift */,
				AC004A8E23736F3E0026880C /* InfoViewController.swift */,
				96D64B7D237C4E730058BF72 /* SignUpViewController.swift */,
			);
			path = Controllers;
			sourceTree = "<group>";
		};
		96279AF1237C36F900911572 /* Extensions */ = {
			isa = PBXGroup;
			children = (
				AC7F4A202373F13800B929B5 /* Alert-Ext.swift */,
			);
			path = Extensions;
			sourceTree = "<group>";
		};
		96D64B84237C53EF0058BF72 /* Designable */ = {
			isa = PBXGroup;
			children = (
				96D64B82237C522E0058BF72 /* DesignButton.swift */,
			);
			path = Designable;
			sourceTree = "<group>";
		};
		ACA85E2423731A2400CE088F = {
			isa = PBXGroup;
			children = (
				ACA85E2F23731A2400CE088F /* AVLogin */,
				ACA85E2E23731A2400CE088F /* Products */,
				F44100DB49A15A9078F49D59 /* Pods */,
				304DCE036E4837761DC5D7C0 /* Frameworks */,
			);
			sourceTree = "<group>";
		};
		ACA85E2E23731A2400CE088F /* Products */ = {
			isa = PBXGroup;
			children = (
				ACA85E2D23731A2400CE088F /* AVLogin.app */,
			);
			name = Products;
			sourceTree = "<group>";
		};
		ACA85E2F23731A2400CE088F /* AVLogin */ = {
			isa = PBXGroup;
			children = (
				96279AEE237C36B800911572 /* Delegates */,
				96D64B84237C53EF0058BF72 /* Designable */,
				96279AEF237C36E200911572 /* Views */,
				96279AF0237C36ED00911572 /* Controllers */,
				96279AF1237C36F900911572 /* Extensions */,
				ACA85E3923731A3100CE088F /* Assets.xcassets */,
				ACA85E3E23731A3100CE088F /* Info.plist */,
				AC7EEEFA237C3B9300F4720C /* GoogleService-Info.plist */,
			);
			path = AVLogin;
			sourceTree = "<group>";
		};
		F44100DB49A15A9078F49D59 /* Pods */ = {
			isa = PBXGroup;
			children = (
				2A8C4575176A87DE3304D336 /* Pods-AVLogin.debug.xcconfig */,
				0CE99BD45EE9881B7D4F9E07 /* Pods-AVLogin.release.xcconfig */,
			);
			path = Pods;
			sourceTree = "<group>";
		};
/* End PBXGroup section */

/* Begin PBXNativeTarget section */
		ACA85E2C23731A2400CE088F /* AVLogin */ = {
			isa = PBXNativeTarget;
			buildConfigurationList = ACA85E4123731A3100CE088F /* Build configuration list for PBXNativeTarget "AVLogin" */;
			buildPhases = (
				1FD9DE70782B9F80B94EBB2C /* [CP] Check Pods Manifest.lock */,
				ACA85E2923731A2400CE088F /* Sources */,
				ACA85E2A23731A2400CE088F /* Frameworks */,
				ACA85E2B23731A2400CE088F /* Resources */,
				FBBB51540EA652A248A27A31 /* [CP] Embed Pods Frameworks */,
			);
			buildRules = (
			);
			dependencies = (
			);
			name = AVLogin;
			productName = AVLogin;
			productReference = ACA85E2D23731A2400CE088F /* AVLogin.app */;
			productType = "com.apple.product-type.application";
		};
/* End PBXNativeTarget section */

/* Begin PBXProject section */
		ACA85E2523731A2400CE088F /* Project object */ = {
			isa = PBXProject;
			attributes = {
				LastSwiftUpdateCheck = 1110;
				LastUpgradeCheck = 1110;
				ORGANIZATIONNAME = "Artjoms Vorona";
				TargetAttributes = {
					ACA85E2C23731A2400CE088F = {
						CreatedOnToolsVersion = 11.1;
					};
				};
			};
			buildConfigurationList = ACA85E2823731A2400CE088F /* Build configuration list for PBXProject "AVLogin" */;
			compatibilityVersion = "Xcode 9.3";
			developmentRegion = en;
			hasScannedForEncodings = 0;
			knownRegions = (
				en,
				Base,
			);
			mainGroup = ACA85E2423731A2400CE088F;
			productRefGroup = ACA85E2E23731A2400CE088F /* Products */;
			projectDirPath = "";
			projectRoot = "";
			targets = (
				ACA85E2C23731A2400CE088F /* AVLogin */,
			);
		};
/* End PBXProject section */

/* Begin PBXResourcesBuildPhase section */
		ACA85E2B23731A2400CE088F /* Resources */ = {
			isa = PBXResourcesBuildPhase;
			buildActionMask = 2147483647;
			files = (
				ACA85E3D23731A3100CE088F /* LaunchScreen.storyboard in Resources */,
				AC7EEEFB237C3B9300F4720C /* GoogleService-Info.plist in Resources */,
				ACA85E3A23731A3100CE088F /* Assets.xcassets in Resources */,
				ACA85E3823731A2400CE088F /* Main.storyboard in Resources */,
			);
			runOnlyForDeploymentPostprocessing = 0;
		};
/* End PBXResourcesBuildPhase section */

/* Begin PBXShellScriptBuildPhase section */
		1FD9DE70782B9F80B94EBB2C /* [CP] Check Pods Manifest.lock */ = {
			isa = PBXShellScriptBuildPhase;
			buildActionMask = 2147483647;
			files = (
			);
			inputFileListPaths = (
			);
			inputPaths = (
				"${PODS_PODFILE_DIR_PATH}/Podfile.lock",
				"${PODS_ROOT}/Manifest.lock",
			);
			name = "[CP] Check Pods Manifest.lock";
			outputFileListPaths = (
			);
			outputPaths = (
				"$(DERIVED_FILE_DIR)/Pods-AVLogin-checkManifestLockResult.txt",
			);
			runOnlyForDeploymentPostprocessing = 0;
			shellPath = /bin/sh;
			shellScript = "diff \"${PODS_PODFILE_DIR_PATH}/Podfile.lock\" \"${PODS_ROOT}/Manifest.lock\" > /dev/null\nif [ $? != 0 ] ; then\n    # print error to STDERR\n    echo \"error: The sandbox is not in sync with the Podfile.lock. Run 'pod install' or update your CocoaPods installation.\" >&2\n    exit 1\nfi\n# This output is used by Xcode 'outputs' to avoid re-running this script phase.\necho \"SUCCESS\" > \"${SCRIPT_OUTPUT_FILE_0}\"\n";
			showEnvVarsInLog = 0;
		};
		FBBB51540EA652A248A27A31 /* [CP] Embed Pods Frameworks */ = {
			isa = PBXShellScriptBuildPhase;
			buildActionMask = 2147483647;
			files = (
			);
			inputFileListPaths = (
				"${PODS_ROOT}/Target Support Files/Pods-AVLogin/Pods-AVLogin-frameworks-${CONFIGURATION}-input-files.xcfilelist",
			);
			name = "[CP] Embed Pods Frameworks";
			outputFileListPaths = (
				"${PODS_ROOT}/Target Support Files/Pods-AVLogin/Pods-AVLogin-frameworks-${CONFIGURATION}-output-files.xcfilelist",
			);
			runOnlyForDeploymentPostprocessing = 0;
			shellPath = /bin/sh;
			shellScript = "\"${PODS_ROOT}/Target Support Files/Pods-AVLogin/Pods-AVLogin-frameworks.sh\"\n";
			showEnvVarsInLog = 0;
		};
/* End PBXShellScriptBuildPhase section */

/* Begin PBXSourcesBuildPhase section */
		ACA85E2923731A2400CE088F /* Sources */ = {
			isa = PBXSourcesBuildPhase;
			buildActionMask = 2147483647;
			files = (
				AC7F4A212373F13900B929B5 /* Alert-Ext.swift in Sources */,
				AC004A8D23735F980026880C /* TableViewCell.swift in Sources */,
				96D64B7E237C4E730058BF72 /* SignUpViewController.swift in Sources */,
				ACA85E3523731A2400CE088F /* ViewController.swift in Sources */,
				ACA85E3123731A2400CE088F /* AppDelegate.swift in Sources */,
				ACA85E3323731A2400CE088F /* SceneDelegate.swift in Sources */,
				96D64B83237C522E0058BF72 /* DesignButton.swift in Sources */,
				AC004A8F23736F3E0026880C /* InfoViewController.swift in Sources */,
				ACA85E452373489F00CE088F /* TableViewController.swift in Sources */,
			);
			runOnlyForDeploymentPostprocessing = 0;
		};
/* End PBXSourcesBuildPhase section */

/* Begin PBXVariantGroup section */
		ACA85E3623731A2400CE088F /* Main.storyboard */ = {
			isa = PBXVariantGroup;
			children = (
				ACA85E3723731A2400CE088F /* Base */,
			);
			name = Main.storyboard;
			sourceTree = "<group>";
		};
		ACA85E3B23731A3100CE088F /* LaunchScreen.storyboard */ = {
			isa = PBXVariantGroup;
			children = (
				ACA85E3C23731A3100CE088F /* Base */,
			);
			name = LaunchScreen.storyboard;
			sourceTree = "<group>";
		};
/* End PBXVariantGroup section */

/* Begin XCBuildConfiguration section */
		ACA85E3F23731A3100CE088F /* Debug */ = {
			isa = XCBuildConfiguration;
			buildSettings = {
				ALWAYS_SEARCH_USER_PATHS = NO;
				CLANG_ANALYZER_NONNULL = YES;
				CLANG_ANALYZER_NUMBER_OBJECT_CONVERSION = YES_AGGRESSIVE;
				CLANG_CXX_LANGUAGE_STANDARD = "gnu++14";
				CLANG_CXX_LIBRARY = "libc++";
				CLANG_ENABLE_MODULES = YES;
				CLANG_ENABLE_OBJC_ARC = YES;
				CLANG_ENABLE_OBJC_WEAK = YES;
				CLANG_WARN_BLOCK_CAPTURE_AUTORELEASING = YES;
				CLANG_WARN_BOOL_CONVERSION = YES;
				CLANG_WARN_COMMA = YES;
				CLANG_WARN_CONSTANT_CONVERSION = YES;
				CLANG_WARN_DEPRECATED_OBJC_IMPLEMENTATIONS = YES;
				CLANG_WARN_DIRECT_OBJC_ISA_USAGE = YES_ERROR;
				CLANG_WARN_DOCUMENTATION_COMMENTS = YES;
				CLANG_WARN_EMPTY_BODY = YES;
				CLANG_WARN_ENUM_CONVERSION = YES;
				CLANG_WARN_INFINITE_RECURSION = YES;
				CLANG_WARN_INT_CONVERSION = YES;
				CLANG_WARN_NON_LITERAL_NULL_CONVERSION = YES;
				CLANG_WARN_OBJC_IMPLICIT_RETAIN_SELF = YES;
				CLANG_WARN_OBJC_LITERAL_CONVERSION = YES;
				CLANG_WARN_OBJC_ROOT_CLASS = YES_ERROR;
				CLANG_WARN_RANGE_LOOP_ANALYSIS = YES;
				CLANG_WARN_STRICT_PROTOTYPES = YES;
				CLANG_WARN_SUSPICIOUS_MOVE = YES;
				CLANG_WARN_UNGUARDED_AVAILABILITY = YES_AGGRESSIVE;
				CLANG_WARN_UNREACHABLE_CODE = YES;
				CLANG_WARN__DUPLICATE_METHOD_MATCH = YES;
				COPY_PHASE_STRIP = NO;
				DEBUG_INFORMATION_FORMAT = dwarf;
				ENABLE_STRICT_OBJC_MSGSEND = YES;
				ENABLE_TESTABILITY = YES;
				GCC_C_LANGUAGE_STANDARD = gnu11;
				GCC_DYNAMIC_NO_PIC = NO;
				GCC_NO_COMMON_BLOCKS = YES;
				GCC_OPTIMIZATION_LEVEL = 0;
				GCC_PREPROCESSOR_DEFINITIONS = (
					"DEBUG=1",
					"$(inherited)",
				);
				GCC_WARN_64_TO_32_BIT_CONVERSION = YES;
				GCC_WARN_ABOUT_RETURN_TYPE = YES_ERROR;
				GCC_WARN_UNDECLARED_SELECTOR = YES;
				GCC_WARN_UNINITIALIZED_AUTOS = YES_AGGRESSIVE;
				GCC_WARN_UNUSED_FUNCTION = YES;
				GCC_WARN_UNUSED_VARIABLE = YES;
				IPHONEOS_DEPLOYMENT_TARGET = 13.1;
				MTL_ENABLE_DEBUG_INFO = INCLUDE_SOURCE;
				MTL_FAST_MATH = YES;
				ONLY_ACTIVE_ARCH = YES;
				SDKROOT = iphoneos;
				SWIFT_ACTIVE_COMPILATION_CONDITIONS = DEBUG;
				SWIFT_OPTIMIZATION_LEVEL = "-Onone";
			};
			name = Debug;
		};
		ACA85E4023731A3100CE088F /* Release */ = {
			isa = XCBuildConfiguration;
			buildSettings = {
				ALWAYS_SEARCH_USER_PATHS = NO;
				CLANG_ANALYZER_NONNULL = YES;
				CLANG_ANALYZER_NUMBER_OBJECT_CONVERSION = YES_AGGRESSIVE;
				CLANG_CXX_LANGUAGE_STANDARD = "gnu++14";
				CLANG_CXX_LIBRARY = "libc++";
				CLANG_ENABLE_MODULES = YES;
				CLANG_ENABLE_OBJC_ARC = YES;
				CLANG_ENABLE_OBJC_WEAK = YES;
				CLANG_WARN_BLOCK_CAPTURE_AUTORELEASING = YES;
				CLANG_WARN_BOOL_CONVERSION = YES;
				CLANG_WARN_COMMA = YES;
				CLANG_WARN_CONSTANT_CONVERSION = YES;
				CLANG_WARN_DEPRECATED_OBJC_IMPLEMENTATIONS = YES;
				CLANG_WARN_DIRECT_OBJC_ISA_USAGE = YES_ERROR;
				CLANG_WARN_DOCUMENTATION_COMMENTS = YES;
				CLANG_WARN_EMPTY_BODY = YES;
				CLANG_WARN_ENUM_CONVERSION = YES;
				CLANG_WARN_INFINITE_RECURSION = YES;
				CLANG_WARN_INT_CONVERSION = YES;
				CLANG_WARN_NON_LITERAL_NULL_CONVERSION = YES;
				CLANG_WARN_OBJC_IMPLICIT_RETAIN_SELF = YES;
				CLANG_WARN_OBJC_LITERAL_CONVERSION = YES;
				CLANG_WARN_OBJC_ROOT_CLASS = YES_ERROR;
				CLANG_WARN_RANGE_LOOP_ANALYSIS = YES;
				CLANG_WARN_STRICT_PROTOTYPES = YES;
				CLANG_WARN_SUSPICIOUS_MOVE = YES;
				CLANG_WARN_UNGUARDED_AVAILABILITY = YES_AGGRESSIVE;
				CLANG_WARN_UNREACHABLE_CODE = YES;
				CLANG_WARN__DUPLICATE_METHOD_MATCH = YES;
				COPY_PHASE_STRIP = NO;
				DEBUG_INFORMATION_FORMAT = "dwarf-with-dsym";
				ENABLE_NS_ASSERTIONS = NO;
				ENABLE_STRICT_OBJC_MSGSEND = YES;
				GCC_C_LANGUAGE_STANDARD = gnu11;
				GCC_NO_COMMON_BLOCKS = YES;
				GCC_WARN_64_TO_32_BIT_CONVERSION = YES;
				GCC_WARN_ABOUT_RETURN_TYPE = YES_ERROR;
				GCC_WARN_UNDECLARED_SELECTOR = YES;
				GCC_WARN_UNINITIALIZED_AUTOS = YES_AGGRESSIVE;
				GCC_WARN_UNUSED_FUNCTION = YES;
				GCC_WARN_UNUSED_VARIABLE = YES;
				IPHONEOS_DEPLOYMENT_TARGET = 13.1;
				MTL_ENABLE_DEBUG_INFO = NO;
				MTL_FAST_MATH = YES;
				SDKROOT = iphoneos;
				SWIFT_COMPILATION_MODE = wholemodule;
				SWIFT_OPTIMIZATION_LEVEL = "-O";
				VALIDATE_PRODUCT = YES;
			};
			name = Release;
		};
		ACA85E4223731A3100CE088F /* Debug */ = {
			isa = XCBuildConfiguration;
			baseConfigurationReference = 2A8C4575176A87DE3304D336 /* Pods-AVLogin.debug.xcconfig */;
			buildSettings = {
				ASSETCATALOG_COMPILER_APPICON_NAME = AppIcon;
				CODE_SIGN_STYLE = Automatic;
				DEVELOPMENT_TEAM = T79XLB42B4;
				INFOPLIST_FILE = AVLogin/Info.plist;
				LD_RUNPATH_SEARCH_PATHS = (
					"$(inherited)",
					"@executable_path/Frameworks",
				);
				PRODUCT_BUNDLE_IDENTIFIER = "-.AVLogin";
				PRODUCT_NAME = "$(TARGET_NAME)";
				SWIFT_VERSION = 5.0;
				TARGETED_DEVICE_FAMILY = 1;
			};
			name = Debug;
		};
		ACA85E4323731A3100CE088F /* Release */ = {
			isa = XCBuildConfiguration;
			baseConfigurationReference = 0CE99BD45EE9881B7D4F9E07 /* Pods-AVLogin.release.xcconfig */;
			buildSettings = {
				ASSETCATALOG_COMPILER_APPICON_NAME = AppIcon;
				CODE_SIGN_STYLE = Automatic;
				DEVELOPMENT_TEAM = T79XLB42B4;
				INFOPLIST_FILE = AVLogin/Info.plist;
				LD_RUNPATH_SEARCH_PATHS = (
					"$(inherited)",
					"@executable_path/Frameworks",
				);
				PRODUCT_BUNDLE_IDENTIFIER = "-.AVLogin";
				PRODUCT_NAME = "$(TARGET_NAME)";
				SWIFT_VERSION = 5.0;
				TARGETED_DEVICE_FAMILY = 1;
			};
			name = Release;
		};
/* End XCBuildConfiguration section */

/* Begin XCConfigurationList section */
		ACA85E2823731A2400CE088F /* Build configuration list for PBXProject "AVLogin" */ = {
			isa = XCConfigurationList;
			buildConfigurations = (
				ACA85E3F23731A3100CE088F /* Debug */,
				ACA85E4023731A3100CE088F /* Release */,
			);
			defaultConfigurationIsVisible = 0;
			defaultConfigurationName = Release;
		};
		ACA85E4123731A3100CE088F /* Build configuration list for PBXNativeTarget "AVLogin" */ = {
			isa = XCConfigurationList;
			buildConfigurations = (
				ACA85E4223731A3100CE088F /* Debug */,
				ACA85E4323731A3100CE088F /* Release */,
			);
			defaultConfigurationIsVisible = 0;
			defaultConfigurationName = Release;
		};
/* End XCConfigurationList section */
	};
	rootObject = ACA85E2523731A2400CE088F /* Project object */;
}
